
Microsoft Visual Studio Solution File, Format Version 12.00
# Visual Studio Version 17
VisualStudioVersion = 17.0.32014.148
MinimumVisualStudioVersion = 10.0.40219.1
Project("{FAE04EC0-301F-11D3-BF4B-00C04F79EFBC}") = "Cadmus.Philology.Parts", "Cadmus.Philology.Parts\Cadmus.Philology.Parts.csproj", "{6369D52E-6C53-4703-B6BE-8FD56FF60B3C}"
EndProject
Project("{FAE04EC0-301F-11D3-BF4B-00C04F79EFBC}") = "Cadmus.Seed.Philology.Parts", "Cadmus.Seed.Philology.Parts\Cadmus.Seed.Philology.Parts.csproj", "{ED575AED-9F97-417D-ADDA-265365FB68CB}"
EndProject
Project("{FAE04EC0-301F-11D3-BF4B-00C04F79EFBC}") = "Cadmus.Seed.Philology.Parts.Test", "Cadmus.Seed.Philology.Parts.Test\Cadmus.Seed.Philology.Parts.Test.csproj", "{FE5E3D43-CEB9-46AC-BE55-EFBD3558F256}"
EndProject
Project("{FAE04EC0-301F-11D3-BF4B-00C04F79EFBC}") = "Cadmus.Philology.Parts.Test", "Cadmus.Philology.Parts.Test\Cadmus.Philology.Parts.Test.csproj", "{A7785BDC-729C-4E99-85D1-FB65D2639815}"
EndProject
Project("{2150E333-8FDC-42A3-9474-1A3956D46DE8}") = "Solution Items", "Solution Items", "{A3A60C67-D0B2-4C1A-8D21-4253D8ED531D}"
	ProjectSection(SolutionItems) = preProject
		Pack.bat = Pack.bat
		README.md = README.md
	EndProjectSection
EndProject
Project("{FAE04EC0-301F-11D3-BF4B-00C04F79EFBC}") = "Cadmus.Cli.Plugin.Philology", "Cadmus.Cli.Plugin.Philology\Cadmus.Cli.Plugin.Philology.csproj", "{D40406F3-2588-4397-8D69-648AD5AC2028}"
EndProject
Global
	GlobalSection(SolutionConfigurationPlatforms) = preSolution
		Debug|Any CPU = Debug|Any CPU
		Release|Any CPU = Release|Any CPU
	EndGlobalSection
	GlobalSection(ProjectConfigurationPlatforms) = postSolution
		{6369D52E-6C53-4703-B6BE-8FD56FF60B3C}.Debug|Any CPU.ActiveCfg = Debug|Any CPU
		{6369D52E-6C53-4703-B6BE-8FD56FF60B3C}.Debug|Any CPU.Build.0 = Debug|Any CPU
		{6369D52E-6C53-4703-B6BE-8FD56FF60B3C}.Release|Any CPU.ActiveCfg = Release|Any CPU
		{6369D52E-6C53-4703-B6BE-8FD56FF60B3C}.Release|Any CPU.Build.0 = Release|Any CPU
		{ED575AED-9F97-417D-ADDA-265365FB68CB}.Debug|Any CPU.ActiveCfg = Debug|Any CPU
		{ED575AED-9F97-417D-ADDA-265365FB68CB}.Debug|Any CPU.Build.0 = Debug|Any CPU
		{ED575AED-9F97-417D-ADDA-265365FB68CB}.Release|Any CPU.ActiveCfg = Release|Any CPU
		{ED575AED-9F97-417D-ADDA-265365FB68CB}.Release|Any CPU.Build.0 = Release|Any CPU
		{FE5E3D43-CEB9-46AC-BE55-EFBD3558F256}.Debug|Any CPU.ActiveCfg = Debug|Any CPU
		{FE5E3D43-CEB9-46AC-BE55-EFBD3558F256}.Debug|Any CPU.Build.0 = Debug|Any CPU
		{FE5E3D43-CEB9-46AC-BE55-EFBD3558F256}.Release|Any CPU.ActiveCfg = Release|Any CPU
		{FE5E3D43-CEB9-46AC-BE55-EFBD3558F256}.Release|Any CPU.Build.0 = Release|Any CPU
		{A7785BDC-729C-4E99-85D1-FB65D2639815}.Debug|Any CPU.ActiveCfg = Debug|Any CPU
		{A7785BDC-729C-4E99-85D1-FB65D2639815}.Debug|Any CPU.Build.0 = Debug|Any CPU
		{A7785BDC-729C-4E99-85D1-FB65D2639815}.Release|Any CPU.ActiveCfg = Release|Any CPU
		{A7785BDC-729C-4E99-85D1-FB65D2639815}.Release|Any CPU.Build.0 = Release|Any CPU
		{D40406F3-2588-4397-8D69-648AD5AC2028}.Debug|Any CPU.ActiveCfg = Debug|Any CPU
		{D40406F3-2588-4397-8D69-648AD5AC2028}.Debug|Any CPU.Build.0 = Debug|Any CPU
		{D40406F3-2588-4397-8D69-648AD5AC2028}.Release|Any CPU.ActiveCfg = Release|Any CPU
		{D40406F3-2588-4397-8D69-648AD5AC2028}.Release|Any CPU.Build.0 = Release|Any CPU
	EndGlobalSection
	GlobalSection(SolutionProperties) = preSolution
		HideSolutionNode = FALSE
	EndGlobalSection
	GlobalSection(ExtensibilityGlobals) = postSolution
		SolutionGuid = {8DBC6C0F-5DBF-4682-975D-15417FF0A950}
	EndGlobalSection
EndGlobal
